
Microsoft Visual Studio Solution File, Format Version 12.00
# Visual Studio 15
VisualStudioVersion = 15.0.28307.421
MinimumVisualStudioVersion = 10.0.40219.1
Project("{8BC9CEB8-8B4A-11D0-8D11-00A0C91BC942}") = "CodeCraft", "CodeCraft\CodeCraft.vcxproj", "{915876DB-A898-4F01-B351-278A2A49AC53}"
EndProject
Global
	GlobalSection(SolutionConfigurationPlatforms) = preSolution
		Debug|x64 = Debug|x64
		Debug|x86 = Debug|x86
		Release|x64 = Release|x64
		Release|x86 = Release|x86
	EndGlobalSection
	GlobalSection(ProjectConfigurationPlatforms) = postSolution
		{915876DB-A898-4F01-B351-278A2A49AC53}.Debug|x64.ActiveCfg = Debug|x64
		{915876DB-A898-4F01-B351-278A2A49AC53}.Debug|x64.Build.0 = Debug|x64
		{915876DB-A898-4F01-B351-278A2A49AC53}.Debug|x86.ActiveCfg = Debug|Win32
		{915876DB-A898-4F01-B351-278A2A49AC53}.Debug|x86.Build.0 = Debug|Win32
		{915876DB-A898-4F01-B351-278A2A49AC53}.Release|x64.ActiveCfg = Release|x64
		{915876DB-A898-4F01-B351-278A2A49AC53}.Release|x64.Build.0 = Release|x64
		{915876DB-A898-4F01-B351-278A2A49AC53}.Release|x86.ActiveCfg = Release|Win32
		{915876DB-A898-4F01-B351-278A2A49AC53}.Release|x86.Build.0 = Release|Win32
	EndGlobalSection
	GlobalSection(SolutionProperties) = preSolution
		HideSolutionNode = FALSE
	EndGlobalSection
	GlobalSection(ExtensibilityGlobals) = postSolution
		SolutionGuid = {295AB40D-FD72-483E-B43E-C1B9BD78E0D5}
	EndGlobalSection
EndGlobal
